github.com/Kesuaheli/nbtreader v0.0.0-20250410221805-deadf3c6d49f h1:/ximeReATrzWOD/XHXW8tzpPGPDU6EFtC8+k9bbiiKg=
github.com/Kesuaheli/nbtreader v0.0.0-20250410221805-deadf3c6d49f/go.mod h1:ihv002QWaDDL3QxWnnnVvwAgEjswVX6+8I2kY7YChNg=
github.com/google/uuid v1.6.0 h1:NIvaJDMOsjHA8n1jAhLSgzrAzy1Hgr+hNrb57e+94F0=
github.com/google/uuid v1.6.0/go.mod h1:TIyPZe4MgqvfeYDBFedMoGGpEw/LqOeaOT+nhxU+yHo=
