github.com/Kesuaheli/nbtreader v0.0.0-20250930175820-3dca2facfe1d h1:JjZDFbndFisIvX8ou/2j30WC51KLfGrkTgUJpcRJT0U=
github.com/Kesuaheli/nbtreader v0.0.0-20250930175820-3dca2facfe1d/go.mod h1:ihv002QWaDDL3QxWnnnVvwAgEjswVX6+8I2kY7YChNg=
github.com/google/uuid v1.6.0 h1:NIvaJDMOsjHA8n1jAhLSgzrAzy1Hgr+hNrb57e+94F0=
github.com/google/uuid v1.6.0/go.mod h1:TIyPZe4MgqvfeYDBFedMoGGpEw/LqOeaOT+nhxU+yHo=
